
Microsoft Visual Studio Solution File, Format Version 12.00
# Visual Studio 2012
Project("{FAE04EC0-301F-11D3-BF4B-00C04F79EFBC}") = "MonitorServerApplication", "MonitorServerApplication\MonitorServerApplication.csproj", "{1D1F141F-BD6E-45A3-97C1-CB6A8493843C}"
EndProject
Project("{FAE04EC0-301F-11D3-BF4B-00C04F79EFBC}") = "BBFrontend", "BBFrontend\BBFrontend\BBFrontend.csproj", "{3157C28F-1D3A-4F7C-946F-22D719F02937}"
EndProject
Global
	GlobalSection(SolutionConfigurationPlatforms) = preSolution
		Debug|Any CPU = Debug|Any CPU
		Release|Any CPU = Release|Any CPU
	EndGlobalSection
	GlobalSection(ProjectConfigurationPlatforms) = postSolution
		{1D1F141F-BD6E-45A3-97C1-CB6A8493843C}.Debug|Any CPU.ActiveCfg = Debug|Any CPU
		{1D1F141F-BD6E-45A3-97C1-CB6A8493843C}.Debug|Any CPU.Build.0 = Debug|Any CPU
		{1D1F141F-BD6E-45A3-97C1-CB6A8493843C}.Release|Any CPU.ActiveCfg = Release|Any CPU
		{1D1F141F-BD6E-45A3-97C1-CB6A8493843C}.Release|Any CPU.Build.0 = Release|Any CPU
		{3157C28F-1D3A-4F7C-946F-22D719F02937}.Debug|Any CPU.ActiveCfg = Debug|Any CPU
		{3157C28F-1D3A-4F7C-946F-22D719F02937}.Debug|Any CPU.Build.0 = Debug|Any CPU
		{3157C28F-1D3A-4F7C-946F-22D719F02937}.Release|Any CPU.ActiveCfg = Release|Any CPU
		{3157C28F-1D3A-4F7C-946F-22D719F02937}.Release|Any CPU.Build.0 = Release|Any CPU
	EndGlobalSection
	GlobalSection(SolutionProperties) = preSolution
		HideSolutionNode = FALSE
	EndGlobalSection
EndGlobal
